
Microsoft Visual Studio Solution File, Format Version 12.00
# Visual Studio Version 17
VisualStudioVersion = 17.8.34322.80
MinimumVisualStudioVersion = 10.0.40219.1
Project("{FAE04EC0-301F-11D3-BF4B-00C04F79EFBC}") = "AutoDrivingCarSimulation", "AutoDrivingCarSimulation.csproj", "{3FC3E972-9719-4E22-87C8-9B51D19CC4D8}"
EndProject
Project("{9A19103F-16F7-4668-BE54-9A1E7A4F7556}") = "AutoDrivingCarSimulation.Tests", "..\AutoDrivingCarSimulation.Tests\AutoDrivingCarSimulation.Tests.csproj", "{80D57228-C607-4CE6-9350-088564507FE1}"
EndProject
Global
	GlobalSection(SolutionConfigurationPlatforms) = preSolution
		Debug|Any CPU = Debug|Any CPU
		Release|Any CPU = Release|Any CPU
	EndGlobalSection
	GlobalSection(ProjectConfigurationPlatforms) = postSolution
		{3FC3E972-9719-4E22-87C8-9B51D19CC4D8}.Debug|Any CPU.ActiveCfg = Debug|Any CPU
		{3FC3E972-9719-4E22-87C8-9B51D19CC4D8}.Debug|Any CPU.Build.0 = Debug|Any CPU
		{3FC3E972-9719-4E22-87C8-9B51D19CC4D8}.Release|Any CPU.ActiveCfg = Release|Any CPU
		{3FC3E972-9719-4E22-87C8-9B51D19CC4D8}.Release|Any CPU.Build.0 = Release|Any CPU
		{80D57228-C607-4CE6-9350-088564507FE1}.Debug|Any CPU.ActiveCfg = Debug|Any CPU
		{80D57228-C607-4CE6-9350-088564507FE1}.Debug|Any CPU.Build.0 = Debug|Any CPU
		{80D57228-C607-4CE6-9350-088564507FE1}.Release|Any CPU.ActiveCfg = Release|Any CPU
		{80D57228-C607-4CE6-9350-088564507FE1}.Release|Any CPU.Build.0 = Release|Any CPU
	EndGlobalSection
	GlobalSection(SolutionProperties) = preSolution
		HideSolutionNode = FALSE
	EndGlobalSection
	GlobalSection(ExtensibilityGlobals) = postSolution
		SolutionGuid = {1634AA8D-7DC4-4550-8049-A44D7615902E}
	EndGlobalSection
EndGlobal
